
Microsoft Visual Studio Solution File, Format Version 12.00
# Visual Studio Version 16
VisualStudioVersion = 16.0.29920.165
MinimumVisualStudioVersion = 10.0.40219.1
Project("{FAE04EC0-301F-11D3-BF4B-00C04F79EFBC}") = "NonConvexWebsite", "NonConvexWebsite\NonConvexWebsite.csproj", "{310050BF-0304-47F8-AF18-A7AEA26E8C3E}"
EndProject
Global
	GlobalSection(SolutionConfigurationPlatforms) = preSolution
		Debug|Any CPU = Debug|Any CPU
		Release|Any CPU = Release|Any CPU
	EndGlobalSection
	GlobalSection(ProjectConfigurationPlatforms) = postSolution
		{310050BF-0304-47F8-AF18-A7AEA26E8C3E}.Debug|Any CPU.ActiveCfg = Debug|Any CPU
		{310050BF-0304-47F8-AF18-A7AEA26E8C3E}.Debug|Any CPU.Build.0 = Debug|Any CPU
		{310050BF-0304-47F8-AF18-A7AEA26E8C3E}.Release|Any CPU.ActiveCfg = Release|Any CPU
		{310050BF-0304-47F8-AF18-A7AEA26E8C3E}.Release|Any CPU.Build.0 = Release|Any CPU
	EndGlobalSection
	GlobalSection(SolutionProperties) = preSolution
		HideSolutionNode = FALSE
	EndGlobalSection
	GlobalSection(ExtensibilityGlobals) = postSolution
		SolutionGuid = {CCA18F7B-F7A2-4C3D-813E-80EEA8931562}
	EndGlobalSection
EndGlobal
