
Microsoft Visual Studio Solution File, Format Version 12.00
# Visual Studio Version 16
VisualStudioVersion = 16.0.29920.165
MinimumVisualStudioVersion = 10.0.40219.1
Project("{9A19103F-16F7-4668-BE54-9A1E7A4F7556}") = "NonConvexWebsite", "NonConvexWebsite\NonConvexWebsite.csproj", "{310050BF-0304-47F8-AF18-A7AEA26E8C3E}"
EndProject
Project("{00D1A9C2-B5F0-4AF3-8072-F6C62B433612}") = "Optimization", "Optimization\Optimization.sqlproj", "{FA9F7E01-A605-46E5-ADFD-C3A5A72086B9}"
EndProject
Project("{F14B399A-7131-4C87-9E4B-1186C45EF12D}") = "OptimizationReporting", "OptimizationReporting\OptimizationReporting.rptproj", "{09AF1E53-4915-412A-A2C4-1C4C1F361258}"
EndProject
Global
	GlobalSection(SolutionConfigurationPlatforms) = preSolution
		Debug|Any CPU = Debug|Any CPU
		DebugLocal|Any CPU = DebugLocal|Any CPU
		Release|Any CPU = Release|Any CPU
	EndGlobalSection
	GlobalSection(ProjectConfigurationPlatforms) = postSolution
		{310050BF-0304-47F8-AF18-A7AEA26E8C3E}.Debug|Any CPU.ActiveCfg = Debug|Any CPU
		{310050BF-0304-47F8-AF18-A7AEA26E8C3E}.Debug|Any CPU.Build.0 = Debug|Any CPU
		{310050BF-0304-47F8-AF18-A7AEA26E8C3E}.DebugLocal|Any CPU.ActiveCfg = Debug|Any CPU
		{310050BF-0304-47F8-AF18-A7AEA26E8C3E}.DebugLocal|Any CPU.Build.0 = Debug|Any CPU
		{310050BF-0304-47F8-AF18-A7AEA26E8C3E}.Release|Any CPU.ActiveCfg = Release|Any CPU
		{310050BF-0304-47F8-AF18-A7AEA26E8C3E}.Release|Any CPU.Build.0 = Release|Any CPU
		{FA9F7E01-A605-46E5-ADFD-C3A5A72086B9}.Debug|Any CPU.ActiveCfg = Debug|Any CPU
		{FA9F7E01-A605-46E5-ADFD-C3A5A72086B9}.Debug|Any CPU.Build.0 = Debug|Any CPU
		{FA9F7E01-A605-46E5-ADFD-C3A5A72086B9}.Debug|Any CPU.Deploy.0 = Debug|Any CPU
		{FA9F7E01-A605-46E5-ADFD-C3A5A72086B9}.DebugLocal|Any CPU.ActiveCfg = Debug|Any CPU
		{FA9F7E01-A605-46E5-ADFD-C3A5A72086B9}.DebugLocal|Any CPU.Build.0 = Debug|Any CPU
		{FA9F7E01-A605-46E5-ADFD-C3A5A72086B9}.DebugLocal|Any CPU.Deploy.0 = Debug|Any CPU
		{FA9F7E01-A605-46E5-ADFD-C3A5A72086B9}.Release|Any CPU.ActiveCfg = Release|Any CPU
		{FA9F7E01-A605-46E5-ADFD-C3A5A72086B9}.Release|Any CPU.Build.0 = Release|Any CPU
		{FA9F7E01-A605-46E5-ADFD-C3A5A72086B9}.Release|Any CPU.Deploy.0 = Release|Any CPU
		{09AF1E53-4915-412A-A2C4-1C4C1F361258}.Debug|Any CPU.ActiveCfg = Debug
		{09AF1E53-4915-412A-A2C4-1C4C1F361258}.Debug|Any CPU.Build.0 = Debug
		{09AF1E53-4915-412A-A2C4-1C4C1F361258}.Debug|Any CPU.Deploy.0 = Debug
		{09AF1E53-4915-412A-A2C4-1C4C1F361258}.DebugLocal|Any CPU.ActiveCfg = DebugLocal
		{09AF1E53-4915-412A-A2C4-1C4C1F361258}.DebugLocal|Any CPU.Build.0 = DebugLocal
		{09AF1E53-4915-412A-A2C4-1C4C1F361258}.Release|Any CPU.ActiveCfg = Release
		{09AF1E53-4915-412A-A2C4-1C4C1F361258}.Release|Any CPU.Build.0 = Release
		{09AF1E53-4915-412A-A2C4-1C4C1F361258}.Release|Any CPU.Deploy.0 = Release
	EndGlobalSection
	GlobalSection(SolutionProperties) = preSolution
		HideSolutionNode = FALSE
	EndGlobalSection
	GlobalSection(ExtensibilityGlobals) = postSolution
		SolutionGuid = {CCA18F7B-F7A2-4C3D-813E-80EEA8931562}
	EndGlobalSection
EndGlobal
